{
  "name": "commit-package-lock",
  "version": "1.0.0",
  "lockfileVersion": 1,
  "requires": true,
  "dependencies": {
    "child-exec-promised": {
      "version": "0.0.1",
      "resolved": "https://registry.npmjs.org/child-exec-promised/-/child-exec-promised-0.0.1.tgz",
      "integrity": "sha512-onI0Rm64wbiO+BwNoPy0FiOMQtv3RwioZDNCHVIL/MyCCYTKhPPZG+izX61sNqZFdaUUlpx+BP1X+EyC1HK0Fw=="
    }
  }
}
